{
 "name": "acme-corporation-website",
 "version": "0.1.0",
 "lockfileVersion": 1,
 "requires": true,
 "dependencies": {
  "@easylogic/editor": {
   "version": "0.10.0",
   "resolved": "https://registry.npmjs.org/@easylogic/editor/-/editor-0.10.0.tgz",
   "integrity": "sha512-0ESlC3G4biYiI4LK91MHjrRigvY4HcowXvh/M3qtAdtehwMM0xt/NwMtKeUtvnM/rYGPgO+L/bBmYL/JTq0e8Q==",
   "dev": true
  },
  "fuse.js": {
   "version": "6.4.3",
   "resolved": "https://registry.npmjs.org/fuse.js/-/fuse.js-6.4.3.tgz",
   "integrity": "sha512-JNgngolukIrqwayWnvy6NLH63hmwKPhm63o0uyBg51jPD0j09IvAzlV1rTXfAsgxpghI7khAo6Mv+EmvjDWXig==",
   "dev": true
  }
 }
}
