{
 "name": "acme-corporation-website",
 "version": "0.1.0",
 "lockfileVersion": 1,
 "requires": true,
 "dependencies": {
  "@easylogic/editor": {
   "version": "0.10.0",
   "resolved": "https://registry.npmjs.org/@easylogic/editor/-/editor-0.10.0.tgz",
   "integrity": "sha512-0ESlC3G4biYiI4LK91MHjrRigvY4HcowXvh/M3qtAdtehwMM0xt/NwMtKeUtvnM/rYGPgO+L/bBmYL/JTq0e8Q==",
   "dev": true
  },
  "@sendgrid/client": {
   "version": "7.4.0",
   "resolved": "https://registry.npmjs.org/@sendgrid/client/-/client-7.4.0.tgz",
   "integrity": "sha512-KAZlEb1P8sATgBN+7hXgzaRF94nF9KQgDxQ6zUT1BV0kEsNtJQ2cs35sCtWt6AKKJrL0xPI/MsfcAJqom4YQBg==",
   "requires": {
    "@sendgrid/helpers": "^7.4.0",
    "axios": "^0.19.2"
   }
  },
  "@sendgrid/helpers": {
   "version": "7.4.0",
   "resolved": "https://registry.npmjs.org/@sendgrid/helpers/-/helpers-7.4.0.tgz",
   "integrity": "sha512-IQI2vemiJB0+X6bEp4HRG+0/wrzR2RDGnB5rwfq1CsPDrUFdJfxbE2zbGx//1GnlNwAtbHyc93ejU1m0KZr86w==",
   "requires": {
    "deepmerge": "^4.2.2"
   }
  },
  "@sendgrid/mail": {
   "version": "7.4.0",
   "resolved": "https://registry.npmjs.org/@sendgrid/mail/-/mail-7.4.0.tgz",
   "integrity": "sha512-SAARsfbl50OEJ99LYGKfgrYiV5O6+23aeGJuEBTHHSwRZ6KhD3n1BjPeIejbqgbqYLZJfNLxyU3o5xRdJPp3zg==",
   "requires": {
    "@sendgrid/client": "^7.4.0",
    "@sendgrid/helpers": "^7.4.0"
   }
  },
  "@types/node": {
   "version": "14.14.14",
   "resolved": "https://registry.npmjs.org/@types/node/-/node-14.14.14.tgz",
   "integrity": "sha512-UHnOPWVWV1z+VV8k6L1HhG7UbGBgIdghqF3l9Ny9ApPghbjICXkUJSd/b9gOgQfjM1r+37cipdw/HJ3F6ICEnQ=="
  },
  "axios": {
   "version": "0.19.2",
   "resolved": "https://registry.npmjs.org/axios/-/axios-0.19.2.tgz",
   "integrity": "sha512-fjgm5MvRHLhx+osE2xoekY70AhARk3a6hkN+3Io1jc00jtquGvxYlKlsFUhmUET0V5te6CcZI7lcv2Ym61mjHA==",
   "requires": {
    "follow-redirects": "1.5.10"
   }
  },
  "debug": {
   "version": "3.1.0",
   "resolved": "https://registry.npmjs.org/debug/-/debug-3.1.0.tgz",
   "integrity": "sha512-OX8XqP7/1a9cqkxYw2yXss15f26NKWBpDXQd0/uK/KPqdQhxbPa994hnzjcE2VqQpDslf55723cKPUOGSmMY3g==",
   "requires": {
    "ms": "2.0.0"
   }
  },
  "deepmerge": {
   "version": "4.2.2",
   "resolved": "https://registry.npmjs.org/deepmerge/-/deepmerge-4.2.2.tgz",
   "integrity": "sha512-FJ3UgI4gIl+PHZm53knsuSFpE+nESMr7M4v9QcgB7S63Kj/6WqMiFQJpBBYz1Pt+66bZpP3Q7Lye0Oo9MPKEdg=="
  },
  "follow-redirects": {
   "version": "1.5.10",
   "resolved": "https://registry.npmjs.org/follow-redirects/-/follow-redirects-1.5.10.tgz",
   "integrity": "sha512-0V5l4Cizzvqt5D44aTXbFZz+FtyXV1vrDN6qrelxtfYQKW0KO0W2T/hkE8xvGa/540LkZlkaUjO4ailYTFtHVQ==",
   "requires": {
    "debug": "=3.1.0"
   }
  },
  "fuse.js": {
   "version": "6.4.3",
   "resolved": "https://registry.npmjs.org/fuse.js/-/fuse.js-6.4.3.tgz",
   "integrity": "sha512-JNgngolukIrqwayWnvy6NLH63hmwKPhm63o0uyBg51jPD0j09IvAzlV1rTXfAsgxpghI7khAo6Mv+EmvjDWXig==",
   "dev": true
  },
  "mathjax": {
   "version": "3.1.2",
   "resolved": "https://registry.npmjs.org/mathjax/-/mathjax-3.1.2.tgz",
   "integrity": "sha512-BojKspBv4nNWzO1wC6VEI+g9gHDOhkaGHGgLxXkasdU4pwjdO5AXD5M/wcLPkXYPjZ/N+6sU8rjQTlyvN2cWiQ=="
  },
  "ms": {
   "version": "2.0.0",
   "resolved": "https://registry.npmjs.org/ms/-/ms-2.0.0.tgz",
   "integrity": "sha1-VgiurfwAvmwpAd9fmGF4jeDVl8g="
  },
  "node-fetch": {
   "version": "2.6.1",
   "resolved": "https://registry.npmjs.org/node-fetch/-/node-fetch-2.6.1.tgz",
   "integrity": "sha512-V4aYg89jEoVRxRb2fJdAg8FHvI7cEyYdVAh94HH0UIK8oJxUfkjlDQN9RbMx+bEjP7+ggMiFRprSti032Oipxw=="
  },
  "qs": {
   "version": "6.9.4",
   "resolved": "https://registry.npmjs.org/qs/-/qs-6.9.4.tgz",
   "integrity": "sha512-A1kFqHekCTM7cz0udomYUoYNWjBebHm/5wzU/XqrBRBNWectVH0QIiN+NEcZ0Dte5hvzHwbr8+XQmguPhJ6WdQ=="
  },
  "stripe": {
   "version": "8.129.0",
   "resolved": "https://registry.npmjs.org/stripe/-/stripe-8.129.0.tgz",
   "integrity": "sha512-73b49GQg2+ig6Cet11QhN1WgBab+2xtHy57W4ZLRd9dq146vz+vik+kMQ7UAcTSF5vYyTM5Zo6POMZDPXqzWUg==",
   "requires": {
    "@types/node": ">=8.1.0",
    "qs": "^6.6.0"
   }
  }
 }
}
