github.com/hugoinaction/AcmeSupport v0.0.0-20220201175812-abfd2f9e63bb h1:/eD7Qha/pqYvcJClZxhEEL1dtfziO4OhFdJHs8GMLbQ=
github.com/hugoinaction/AcmeSupport v0.0.0-20220201175812-abfd2f9e63bb/go.mod h1:kGNexn9VmQvIar/+RG6cW2Q1daLa/QPwWCLLX/N7gNA=
github.com/hugoinaction/hugo-debug-utils v0.0.0-20211028054537-1bc4208d4235 h1:IM2+lsGrnHZ+gEAFIiVEXBWx6cbaNrn5khFQLLWdNws=
github.com/hugoinaction/hugo-debug-utils v0.0.0-20211028054537-1bc4208d4235/go.mod h1:YA0Taxzbbqz9oEvtMUW/uuPRE2v93r0WPMLkWaqiuBs=
