{
  "name": "acme-theme",
  "version": "1.0.0",
  "lockfileVersion": 2,
  "requires": true,
  "packages": {
    "": {
      "name": "acme-theme",
      "version": "1.0.0",
      "license": "MIT",
      "devDependencies": {
        "fuse.js": "^6.4.6"
      }
    },
    "node_modules/fuse.js": {
      "version": "6.4.6",
      "resolved": "https://registry.npmjs.org/fuse.js/-/fuse.js-6.4.6.tgz",
      "integrity": "sha512-/gYxR/0VpXmWSfZOIPS3rWwU8SHgsRTwWuXhyb2O6s7aRuVtHtxCkR33bNYu3wyLyNx/Wpv0vU7FZy8Vj53VNw==",
      "dev": true,
      "engines": {
        "node": ">=10"
      }
    }
  },
  "dependencies": {
    "fuse.js": {
      "version": "6.4.6",
      "resolved": "https://registry.npmjs.org/fuse.js/-/fuse.js-6.4.6.tgz",
      "integrity": "sha512-/gYxR/0VpXmWSfZOIPS3rWwU8SHgsRTwWuXhyb2O6s7aRuVtHtxCkR33bNYu3wyLyNx/Wpv0vU7FZy8Vj53VNw==",
      "dev": true
    }
  }
}
